// !$*UTF8*$!
{
	archiveVersion = 1;
	classes = {
	};
	objectVersion = 55;
	objects = {

/* Begin PBXBuildFile section */
		3E41AF8C288B2D8E0032D06A /* AppDelegate.swift in Sources */ = {isa = PBXBuildFile; fileRef = 3E41AF8B288B2D8E0032D06A /* AppDelegate.swift */; };
		3E41AF8E288B2D8E0032D06A /* SceneDelegate.swift in Sources */ = {isa = PBXBuildFile; fileRef = 3E41AF8D288B2D8E0032D06A /* SceneDelegate.swift */; };
		3E41AF90288B2D8E0032D06A /* ViewController.swift in Sources */ = {isa = PBXBuildFile; fileRef = 3E41AF8F288B2D8E0032D06A /* ViewController.swift */; };
		3E41AF93288B2D8E0032D06A /* Main.storyboard in Resources */ = {isa = PBXBuildFile; fileRef = 3E41AF91288B2D8E0032D06A /* Main.storyboard */; };
		3E41AF95288B2D920032D06A /* Assets.xcassets in Resources */ = {isa = PBXBuildFile; fileRef = 3E41AF94288B2D920032D06A /* Assets.xcassets */; };
		3E41AF98288B2D920032D06A /* LaunchScreen.storyboard in Resources */ = {isa = PBXBuildFile; fileRef = 3E41AF96288B2D920032D06A /* LaunchScreen.storyboard */; };
		3E41AFA1288B2E120032D06A /* Global.storyboard in Resources */ = {isa = PBXBuildFile; fileRef = 3E41AF9F288B2E120032D06A /* Global.storyboard */; };
		3E41AFA3288B2E360032D06A /* Alarm.storyboard in Resources */ = {isa = PBXBuildFile; fileRef = 3E41AFA2288B2E360032D06A /* Alarm.storyboard */; };
		3E41AFA6288B2E810032D06A /* Stopwatch.storyboard in Resources */ = {isa = PBXBuildFile; fileRef = 3E41AFA4288B2E810032D06A /* Stopwatch.storyboard */; };
		3E41AFA8288B2E970032D06A /* Timer.storyboard in Resources */ = {isa = PBXBuildFile; fileRef = 3E41AFA7288B2E970032D06A /* Timer.storyboard */; };
		3E41AFAA288B33CC0032D06A /* TimerViewController.swift in Sources */ = {isa = PBXBuildFile; fileRef = 3E41AFA9288B33CC0032D06A /* TimerViewController.swift */; };
/* End PBXBuildFile section */

/* Begin PBXFileReference section */
		3E41AF88288B2D8E0032D06A /* HomeWorkUiTab.app */ = {isa = PBXFileReference; explicitFileType = wrapper.application; includeInIndex = 0; path = HomeWorkUiTab.app; sourceTree = BUILT_PRODUCTS_DIR; };
		3E41AF8B288B2D8E0032D06A /* AppDelegate.swift */ = {isa = PBXFileReference; lastKnownFileType = sourcecode.swift; path = AppDelegate.swift; sourceTree = "<group>"; };
		3E41AF8D288B2D8E0032D06A /* SceneDelegate.swift */ = {isa = PBXFileReference; lastKnownFileType = sourcecode.swift; path = SceneDelegate.swift; sourceTree = "<group>"; };
		3E41AF8F288B2D8E0032D06A /* ViewController.swift */ = {isa = PBXFileReference; lastKnownFileType = sourcecode.swift; path = ViewController.swift; sourceTree = "<group>"; };
		3E41AF92288B2D8E0032D06A /* Base */ = {isa = PBXFileReference; lastKnownFileType = file.storyboard; name = Base; path = Base.lproj/Main.storyboard; sourceTree = "<group>"; };
		3E41AF94288B2D920032D06A /* Assets.xcassets */ = {isa = PBXFileReference; lastKnownFileType = folder.assetcatalog; path = Assets.xcassets; sourceTree = "<group>"; };
		3E41AF97288B2D920032D06A /* Base */ = {isa = PBXFileReference; lastKnownFileType = file.storyboard; name = Base; path = Base.lproj/LaunchScreen.storyboard; sourceTree = "<group>"; };
		3E41AF99288B2D920032D06A /* Info.plist */ = {isa = PBXFileReference; lastKnownFileType = text.plist.xml; path = Info.plist; sourceTree = "<group>"; };
		3E41AFA0288B2E120032D06A /* Base */ = {isa = PBXFileReference; lastKnownFileType = file.storyboard; name = Base; path = HomeWorkUiTab/Base.lproj/Global.storyboard; sourceTree = "<group>"; };
		3E41AFA2288B2E360032D06A /* Alarm.storyboard */ = {isa = PBXFileReference; fileEncoding = 4; lastKnownFileType = file.storyboard; path = Alarm.storyboard; sourceTree = "<group>"; };
		3E41AFA5288B2E810032D06A /* Base */ = {isa = PBXFileReference; lastKnownFileType = file.storyboard; name = Base; path = HomeWorkUiTab/Base.lproj/Stopwatch.storyboard; sourceTree = "<group>"; };
		3E41AFA7288B2E970032D06A /* Timer.storyboard */ = {isa = PBXFileReference; fileEncoding = 4; lastKnownFileType = file.storyboard; path = Timer.storyboard; sourceTree = "<group>"; };
		3E41AFA9288B33CC0032D06A /* TimerViewController.swift */ = {isa = PBXFileReference; lastKnownFileType = sourcecode.swift; path = TimerViewController.swift; sourceTree = "<group>"; };
/* End PBXFileReference section */

/* Begin PBXFrameworksBuildPhase section */
		3E41AF85288B2D8E0032D06A /* Frameworks */ = {
			isa = PBXFrameworksBuildPhase;
			buildActionMask = 2147483647;
			files = (
			);
			runOnlyForDeploymentPostprocessing = 0;
		};
/* End PBXFrameworksBuildPhase section */

/* Begin PBXGroup section */
		3E41AF7F288B2D8E0032D06A = {
			isa = PBXGroup;
			children = (
				3E41AF8A288B2D8E0032D06A /* HomeWorkUiTab */,
				3E41AF89288B2D8E0032D06A /* Products */,
			);
			sourceTree = "<group>";
		};
		3E41AF89288B2D8E0032D06A /* Products */ = {
			isa = PBXGroup;
			children = (
				3E41AF88288B2D8E0032D06A /* HomeWorkUiTab.app */,
			);
			name = Products;
			sourceTree = "<group>";
		};
		3E41AF8A288B2D8E0032D06A /* HomeWorkUiTab */ = {
			isa = PBXGroup;
			children = (
				3E41AF8B288B2D8E0032D06A /* AppDelegate.swift */,
				3E41AF8D288B2D8E0032D06A /* SceneDelegate.swift */,
				3E41AF8F288B2D8E0032D06A /* ViewController.swift */,
				3E41AF91288B2D8E0032D06A /* Main.storyboard */,
				3E41AF9F288B2E120032D06A /* Global.storyboard */,
				3E41AFA2288B2E360032D06A /* Alarm.storyboard */,
				3E41AFA4288B2E810032D06A /* Stopwatch.storyboard */,
				3E41AFA7288B2E970032D06A /* Timer.storyboard */,
				3E41AFA9288B33CC0032D06A /* TimerViewController.swift */,
				3E41AF94288B2D920032D06A /* Assets.xcassets */,
				3E41AF96288B2D920032D06A /* LaunchScreen.storyboard */,
				3E41AF99288B2D920032D06A /* Info.plist */,
			);
			path = HomeWorkUiTab;
			sourceTree = "<group>";
		};
/* End PBXGroup section */

/* Begin PBXNativeTarget section */
		3E41AF87288B2D8E0032D06A /* HomeWorkUiTab */ = {
			isa = PBXNativeTarget;
			buildConfigurationList = 3E41AF9C288B2D920032D06A /* Build configuration list for PBXNativeTarget "HomeWorkUiTab" */;
			buildPhases = (
				3E41AF84288B2D8E0032D06A /* Sources */,
				3E41AF85288B2D8E0032D06A /* Frameworks */,
				3E41AF86288B2D8E0032D06A /* Resources */,
			);
			buildRules = (
			);
			dependencies = (
			);
			name = HomeWorkUiTab;
			productName = HomeWorkUiTab;
			productReference = 3E41AF88288B2D8E0032D06A /* HomeWorkUiTab.app */;
			productType = "com.apple.product-type.application";
		};
/* End PBXNativeTarget section */

/* Begin PBXProject section */
		3E41AF80288B2D8E0032D06A /* Project object */ = {
			isa = PBXProject;
			attributes = {
				BuildIndependentTargetsInParallel = 1;
				LastSwiftUpdateCheck = 1320;
				LastUpgradeCheck = 1320;
				TargetAttributes = {
					3E41AF87288B2D8E0032D06A = {
						CreatedOnToolsVersion = 13.2.1;
					};
				};
			};
			buildConfigurationList = 3E41AF83288B2D8E0032D06A /* Build configuration list for PBXProject "HomeWorkUiTab" */;
			compatibilityVersion = "Xcode 13.0";
			developmentRegion = en;
			hasScannedForEncodings = 0;
			knownRegions = (
				en,
				Base,
			);
			mainGroup = 3E41AF7F288B2D8E0032D06A;
			productRefGroup = 3E41AF89288B2D8E0032D06A /* Products */;
			projectDirPath = "";
			projectRoot = "";
			targets = (
				3E41AF87288B2D8E0032D06A /* HomeWorkUiTab */,
			);
		};
/* End PBXProject section */

/* Begin PBXResourcesBuildPhase section */
		3E41AF86288B2D8E0032D06A /* Resources */ = {
			isa = PBXResourcesBuildPhase;
			buildActionMask = 2147483647;
			files = (
				3E41AF98288B2D920032D06A /* LaunchScreen.storyboard in Resources */,
				3E41AFA1288B2E120032D06A /* Global.storyboard in Resources */,
				3E41AF95288B2D920032D06A /* Assets.xcassets in Resources */,
				3E41AFA3288B2E360032D06A /* Alarm.storyboard in Resources */,
				3E41AFA6288B2E810032D06A /* Stopwatch.storyboard in Resources */,
				3E41AFA8288B2E970032D06A /* Timer.storyboard in Resources */,
				3E41AF93288B2D8E0032D06A /* Main.storyboard in Resources */,
			);
			runOnlyForDeploymentPostprocessing = 0;
		};
/* End PBXResourcesBuildPhase section */

/* Begin PBXSourcesBuildPhase section */
		3E41AF84288B2D8E0032D06A /* Sources */ = {
			isa = PBXSourcesBuildPhase;
			buildActionMask = 2147483647;
			files = (
				3E41AFAA288B33CC0032D06A /* TimerViewController.swift in Sources */,
				3E41AF90288B2D8E0032D06A /* ViewController.swift in Sources */,
				3E41AF8C288B2D8E0032D06A /* AppDelegate.swift in Sources */,
				3E41AF8E288B2D8E0032D06A /* SceneDelegate.swift in Sources */,
			);
			runOnlyForDeploymentPostprocessing = 0;
		};
/* End PBXSourcesBuildPhase section */

/* Begin PBXVariantGroup section */
		3E41AF91288B2D8E0032D06A /* Main.storyboard */ = {
			isa = PBXVariantGroup;
			children = (
				3E41AF92288B2D8E0032D06A /* Base */,
			);
			name = Main.storyboard;
			sourceTree = "<group>";
		};
		3E41AF96288B2D920032D06A /* LaunchScreen.storyboard */ = {
			isa = PBXVariantGroup;
			children = (
				3E41AF97288B2D920032D06A /* Base */,
			);
			name = LaunchScreen.storyboard;
			sourceTree = "<group>";
		};
		3E41AF9F288B2E120032D06A /* Global.storyboard */ = {
			isa = PBXVariantGroup;
			children = (
				3E41AFA0288B2E120032D06A /* Base */,
			);
			name = Global.storyboard;
			sourceTree = "<group>";
		};
		3E41AFA4288B2E810032D06A /* Stopwatch.storyboard */ = {
			isa = PBXVariantGroup;
			children = (
				3E41AFA5288B2E810032D06A /* Base */,
			);
			name = Stopwatch.storyboard;
			sourceTree = "<group>";
		};
/* End PBXVariantGroup section */

/* Begin XCBuildConfiguration section */
		3E41AF9A288B2D920032D06A /* Debug */ = {
			isa = XCBuildConfiguration;
			buildSettings = {
				ALWAYS_SEARCH_USER_PATHS = NO;
				CLANG_ANALYZER_NONNULL = YES;
				CLANG_ANALYZER_NUMBER_OBJECT_CONVERSION = YES_AGGRESSIVE;
				CLANG_CXX_LANGUAGE_STANDARD = "gnu++17";
				CLANG_CXX_LIBRARY = "libc++";
				CLANG_ENABLE_MODULES = YES;
				CLANG_ENABLE_OBJC_ARC = YES;
				CLANG_ENABLE_OBJC_WEAK = YES;
				CLANG_WARN_BLOCK_CAPTURE_AUTORELEASING = YES;
				CLANG_WARN_BOOL_CONVERSION = YES;
				CLANG_WARN_COMMA = YES;
				CLANG_WARN_CONSTANT_CONVERSION = YES;
				CLANG_WARN_DEPRECATED_OBJC_IMPLEMENTATIONS = YES;
				CLANG_WARN_DIRECT_OBJC_ISA_USAGE = YES_ERROR;
				CLANG_WARN_DOCUMENTATION_COMMENTS = YES;
				CLANG_WARN_EMPTY_BODY = YES;
				CLANG_WARN_ENUM_CONVERSION = YES;
				CLANG_WARN_INFINITE_RECURSION = YES;
				CLANG_WARN_INT_CONVERSION = YES;
				CLANG_WARN_NON_LITERAL_NULL_CONVERSION = YES;
				CLANG_WARN_OBJC_IMPLICIT_RETAIN_SELF = YES;
				CLANG_WARN_OBJC_LITERAL_CONVERSION = YES;
				CLANG_WARN_OBJC_ROOT_CLASS = YES_ERROR;
				CLANG_WARN_QUOTED_INCLUDE_IN_FRAMEWORK_HEADER = YES;
				CLANG_WARN_RANGE_LOOP_ANALYSIS = YES;
				CLANG_WARN_STRICT_PROTOTYPES = YES;
				CLANG_WARN_SUSPICIOUS_MOVE = YES;
				CLANG_WARN_UNGUARDED_AVAILABILITY = YES_AGGRESSIVE;
				CLANG_WARN_UNREACHABLE_CODE = YES;
				CLANG_WARN__DUPLICATE_METHOD_MATCH = YES;
				COPY_PHASE_STRIP = NO;
				DEBUG_INFORMATION_FORMAT = dwarf;
				ENABLE_STRICT_OBJC_MSGSEND = YES;
				ENABLE_TESTABILITY = YES;
				GCC_C_LANGUAGE_STANDARD = gnu11;
				GCC_DYNAMIC_NO_PIC = NO;
				GCC_NO_COMMON_BLOCKS = YES;
				GCC_OPTIMIZATION_LEVEL = 0;
				GCC_PREPROCESSOR_DEFINITIONS = (
					"DEBUG=1",
					"$(inherited)",
				);
				GCC_WARN_64_TO_32_BIT_CONVERSION = YES;
				GCC_WARN_ABOUT_RETURN_TYPE = YES_ERROR;
				GCC_WARN_UNDECLARED_SELECTOR = YES;
				GCC_WARN_UNINITIALIZED_AUTOS = YES_AGGRESSIVE;
				GCC_WARN_UNUSED_FUNCTION = YES;
				GCC_WARN_UNUSED_VARIABLE = YES;
				IPHONEOS_DEPLOYMENT_TARGET = 15.2;
				MTL_ENABLE_DEBUG_INFO = INCLUDE_SOURCE;
				MTL_FAST_MATH = YES;
				ONLY_ACTIVE_ARCH = YES;
				SDKROOT = iphoneos;
				SWIFT_ACTIVE_COMPILATION_CONDITIONS = DEBUG;
				SWIFT_OPTIMIZATION_LEVEL = "-Onone";
			};
			name = Debug;
		};
		3E41AF9B288B2D920032D06A /* Release */ = {
			isa = XCBuildConfiguration;
			buildSettings = {
				ALWAYS_SEARCH_USER_PATHS = NO;
				CLANG_ANALYZER_NONNULL = YES;
				CLANG_ANALYZER_NUMBER_OBJECT_CONVERSION = YES_AGGRESSIVE;
				CLANG_CXX_LANGUAGE_STANDARD = "gnu++17";
				CLANG_CXX_LIBRARY = "libc++";
				CLANG_ENABLE_MODULES = YES;
				CLANG_ENABLE_OBJC_ARC = YES;
				CLANG_ENABLE_OBJC_WEAK = YES;
				CLANG_WARN_BLOCK_CAPTURE_AUTORELEASING = YES;
				CLANG_WARN_BOOL_CONVERSION = YES;
				CLANG_WARN_COMMA = YES;
				CLANG_WARN_CONSTANT_CONVERSION = YES;
				CLANG_WARN_DEPRECATED_OBJC_IMPLEMENTATIONS = YES;
				CLANG_WARN_DIRECT_OBJC_ISA_USAGE = YES_ERROR;
				CLANG_WARN_DOCUMENTATION_COMMENTS = YES;
				CLANG_WARN_EMPTY_BODY = YES;
				CLANG_WARN_ENUM_CONVERSION = YES;
				CLANG_WARN_INFINITE_RECURSION = YES;
				CLANG_WARN_INT_CONVERSION = YES;
				CLANG_WARN_NON_LITERAL_NULL_CONVERSION = YES;
				CLANG_WARN_OBJC_IMPLICIT_RETAIN_SELF = YES;
				CLANG_WARN_OBJC_LITERAL_CONVERSION = YES;
				CLANG_WARN_OBJC_ROOT_CLASS = YES_ERROR;
				CLANG_WARN_QUOTED_INCLUDE_IN_FRAMEWORK_HEADER = YES;
				CLANG_WARN_RANGE_LOOP_ANALYSIS = YES;
				CLANG_WARN_STRICT_PROTOTYPES = YES;
				CLANG_WARN_SUSPICIOUS_MOVE = YES;
				CLANG_WARN_UNGUARDED_AVAILABILITY = YES_AGGRESSIVE;
				CLANG_WARN_UNREACHABLE_CODE = YES;
				CLANG_WARN__DUPLICATE_METHOD_MATCH = YES;
				COPY_PHASE_STRIP = NO;
				DEBUG_INFORMATION_FORMAT = "dwarf-with-dsym";
				ENABLE_NS_ASSERTIONS = NO;
				ENABLE_STRICT_OBJC_MSGSEND = YES;
				GCC_C_LANGUAGE_STANDARD = gnu11;
				GCC_NO_COMMON_BLOCKS = YES;
				GCC_WARN_64_TO_32_BIT_CONVERSION = YES;
				GCC_WARN_ABOUT_RETURN_TYPE = YES_ERROR;
				GCC_WARN_UNDECLARED_SELECTOR = YES;
				GCC_WARN_UNINITIALIZED_AUTOS = YES_AGGRESSIVE;
				GCC_WARN_UNUSED_FUNCTION = YES;
				GCC_WARN_UNUSED_VARIABLE = YES;
				IPHONEOS_DEPLOYMENT_TARGET = 15.2;
				MTL_ENABLE_DEBUG_INFO = NO;
				MTL_FAST_MATH = YES;
				SDKROOT = iphoneos;
				SWIFT_COMPILATION_MODE = wholemodule;
				SWIFT_OPTIMIZATION_LEVEL = "-O";
				VALIDATE_PRODUCT = YES;
			};
			name = Release;
		};
		3E41AF9D288B2D920032D06A /* Debug */ = {
			isa = XCBuildConfiguration;
			buildSettings = {
				ASSETCATALOG_COMPILER_APPICON_NAME = AppIcon;
				ASSETCATALOG_COMPILER_GLOBAL_ACCENT_COLOR_NAME = AccentColor;
				CODE_SIGN_STYLE = Automatic;
				CURRENT_PROJECT_VERSION = 1;
				DEVELOPMENT_TEAM = W53XBDB7TW;
				GENERATE_INFOPLIST_FILE = YES;
				INFOPLIST_FILE = HomeWorkUiTab/Info.plist;
				INFOPLIST_KEY_UIApplicationSupportsIndirectInputEvents = YES;
				INFOPLIST_KEY_UILaunchStoryboardName = LaunchScreen;
				INFOPLIST_KEY_UIMainStoryboardFile = Main;
				INFOPLIST_KEY_UISupportedInterfaceOrientations_iPad = "UIInterfaceOrientationPortrait UIInterfaceOrientationPortraitUpsideDown UIInterfaceOrientationLandscapeLeft UIInterfaceOrientationLandscapeRight";
				INFOPLIST_KEY_UISupportedInterfaceOrientations_iPhone = "UIInterfaceOrientationPortrait UIInterfaceOrientationLandscapeLeft UIInterfaceOrientationLandscapeRight";
				IPHONEOS_DEPLOYMENT_TARGET = 15.0;
				LD_RUNPATH_SEARCH_PATHS = (
					"$(inherited)",
					"@executable_path/Frameworks",
				);
				MARKETING_VERSION = 1.0;
				PRODUCT_BUNDLE_IDENTIFIER = com.prostoroff.HomeWorkUiTab;
				PRODUCT_NAME = "$(TARGET_NAME)";
				SWIFT_EMIT_LOC_STRINGS = YES;
				SWIFT_VERSION = 5.0;
				TARGETED_DEVICE_FAMILY = 1;
			};
			name = Debug;
		};
		3E41AF9E288B2D920032D06A /* Release */ = {
			isa = XCBuildConfiguration;
			buildSettings = {
				ASSETCATALOG_COMPILER_APPICON_NAME = AppIcon;
				ASSETCATALOG_COMPILER_GLOBAL_ACCENT_COLOR_NAME = AccentColor;
				CODE_SIGN_STYLE = Automatic;
				CURRENT_PROJECT_VERSION = 1;
				DEVELOPMENT_TEAM = W53XBDB7TW;
				GENERATE_INFOPLIST_FILE = YES;
				INFOPLIST_FILE = HomeWorkUiTab/Info.plist;
				INFOPLIST_KEY_UIApplicationSupportsIndirectInputEvents = YES;
				INFOPLIST_KEY_UILaunchStoryboardName = LaunchScreen;
				INFOPLIST_KEY_UIMainStoryboardFile = Main;
				INFOPLIST_KEY_UISupportedInterfaceOrientations_iPad = "UIInterfaceOrientationPortrait UIInterfaceOrientationPortraitUpsideDown UIInterfaceOrientationLandscapeLeft UIInterfaceOrientationLandscapeRight";
				INFOPLIST_KEY_UISupportedInterfaceOrientations_iPhone = "UIInterfaceOrientationPortrait UIInterfaceOrientationLandscapeLeft UIInterfaceOrientationLandscapeRight";
				IPHONEOS_DEPLOYMENT_TARGET = 15.0;
				LD_RUNPATH_SEARCH_PATHS = (
					"$(inherited)",
					"@executable_path/Frameworks",
				);
				MARKETING_VERSION = 1.0;
				PRODUCT_BUNDLE_IDENTIFIER = com.prostoroff.HomeWorkUiTab;
				PRODUCT_NAME = "$(TARGET_NAME)";
				SWIFT_EMIT_LOC_STRINGS = YES;
				SWIFT_VERSION = 5.0;
				TARGETED_DEVICE_FAMILY = 1;
			};
			name = Release;
		};
/* End XCBuildConfiguration section */

/* Begin XCConfigurationList section */
		3E41AF83288B2D8E0032D06A /* Build configuration list for PBXProject "HomeWorkUiTab" */ = {
			isa = XCConfigurationList;
			buildConfigurations = (
				3E41AF9A288B2D920032D06A /* Debug */,
				3E41AF9B288B2D920032D06A /* Release */,
			);
			defaultConfigurationIsVisible = 0;
			defaultConfigurationName = Release;
		};
		3E41AF9C288B2D920032D06A /* Build configuration list for PBXNativeTarget "HomeWorkUiTab" */ = {
			isa = XCConfigurationList;
			buildConfigurations = (
				3E41AF9D288B2D920032D06A /* Debug */,
				3E41AF9E288B2D920032D06A /* Release */,
			);
			defaultConfigurationIsVisible = 0;
			defaultConfigurationName = Release;
		};
/* End XCConfigurationList section */
	};
	rootObject = 3E41AF80288B2D8E0032D06A /* Project object */;
}
